// !$*UTF8*$!
{
	archiveVersion = 1;
	classes = {
	};
	objectVersion = 56;
	objects = {

/* Begin PBXBuildFile section */
		13051D242A343D1E0090FE60 /* AuthModel.swift in Sources */ = {isa = PBXBuildFile; fileRef = 13051D232A343D1E0090FE60 /* AuthModel.swift */; };
		132D0CEC2A35B3120055D69F /* UserModel.swift in Sources */ = {isa = PBXBuildFile; fileRef = 132D0CEB2A35B3120055D69F /* UserModel.swift */; };
		132D0CEE2A35BA930055D69F /* UserObject.swift in Sources */ = {isa = PBXBuildFile; fileRef = 132D0CED2A35BA930055D69F /* UserObject.swift */; };
		132D0CF02A35CFCD0055D69F /* FriendModel.swift in Sources */ = {isa = PBXBuildFile; fileRef = 132D0CEF2A35CFCD0055D69F /* FriendModel.swift */; };
		1335A3A12A31AF4900052537 /* FirebaseAnalytics in Frameworks */ = {isa = PBXBuildFile; productRef = 1335A3A02A31AF4900052537 /* FirebaseAnalytics */; };
		1335A3A42A31C44B00052537 /* FirebaseAuth in Frameworks */ = {isa = PBXBuildFile; productRef = 1335A3A32A31C44B00052537 /* FirebaseAuth */; };
		1335A3A62A31C45700052537 /* FirebaseFirestoreSwift in Frameworks */ = {isa = PBXBuildFile; productRef = 1335A3A52A31C45700052537 /* FirebaseFirestoreSwift */; };
		1335A3A82A31C45F00052537 /* FirebaseStorage in Frameworks */ = {isa = PBXBuildFile; productRef = 1335A3A72A31C45F00052537 /* FirebaseStorage */; };
		1335A3AF2A31CF9A00052537 /* FirebaseAuthUI in Frameworks */ = {isa = PBXBuildFile; productRef = 1335A3AE2A31CF9A00052537 /* FirebaseAuthUI */; };
		1335A3B12A31CF9A00052537 /* FirebaseDatabaseUI in Frameworks */ = {isa = PBXBuildFile; productRef = 1335A3B02A31CF9A00052537 /* FirebaseDatabaseUI */; };
		1335A3B32A31CF9A00052537 /* FirebaseEmailAuthUI in Frameworks */ = {isa = PBXBuildFile; productRef = 1335A3B22A31CF9A00052537 /* FirebaseEmailAuthUI */; };
		1335A3B72A31CF9A00052537 /* FirebaseFirestoreUI in Frameworks */ = {isa = PBXBuildFile; productRef = 1335A3B62A31CF9A00052537 /* FirebaseFirestoreUI */; };
		1335A3BB2A31CF9A00052537 /* FirebaseOAuthUI in Frameworks */ = {isa = PBXBuildFile; productRef = 1335A3BA2A31CF9A00052537 /* FirebaseOAuthUI */; };
		1335A3BF2A31CF9A00052537 /* FirebaseStorageUI in Frameworks */ = {isa = PBXBuildFile; productRef = 1335A3BE2A31CF9A00052537 /* FirebaseStorageUI */; };
		1335A3C12A31DC0700052537 /* Register.swift in Sources */ = {isa = PBXBuildFile; fileRef = 1335A3C02A31DC0700052537 /* Register.swift */; };
		1335A3C32A31E3C200052537 /* LoginView.swift in Sources */ = {isa = PBXBuildFile; fileRef = 1335A3C22A31E3C200052537 /* LoginView.swift */; };
		1335A3C52A321C8600052537 /* RegisterView.swift in Sources */ = {isa = PBXBuildFile; fileRef = 1335A3C42A321C8600052537 /* RegisterView.swift */; };
		133F39FC2A33A68100F5E747 /* GoogleService-Info.plist in Resources */ = {isa = PBXBuildFile; fileRef = 133F39FB2A33A68100F5E747 /* GoogleService-Info.plist */; };
		1369B8AD2A3467BA002591DE /* SDWebImageSwiftUI in Frameworks */ = {isa = PBXBuildFile; productRef = 1369B8AC2A3467BA002591DE /* SDWebImageSwiftUI */; };
		1369B8B12A346E26002591DE /* FriendInfoView.swift in Sources */ = {isa = PBXBuildFile; fileRef = 1369B8B02A346E26002591DE /* FriendInfoView.swift */; };
		720451CB2A2FA576002A8A0E /* TravelApp.swift in Sources */ = {isa = PBXBuildFile; fileRef = 720451CA2A2FA576002A8A0E /* TravelApp.swift */; };
		720451CF2A2FA577002A8A0E /* Assets.xcassets in Resources */ = {isa = PBXBuildFile; fileRef = 720451CE2A2FA577002A8A0E /* Assets.xcassets */; };
		720451D22A2FA577002A8A0E /* Preview Assets.xcassets in Resources */ = {isa = PBXBuildFile; fileRef = 720451D12A2FA577002A8A0E /* Preview Assets.xcassets */; };
		720451D42A2FA577002A8A0E /* Persistence.swift in Sources */ = {isa = PBXBuildFile; fileRef = 720451D32A2FA577002A8A0E /* Persistence.swift */; };
		720451D72A2FA577002A8A0E /* Travel.xcdatamodeld in Sources */ = {isa = PBXBuildFile; fileRef = 720451D52A2FA577002A8A0E /* Travel.xcdatamodeld */; };
		720451DE2A2FA5BC002A8A0E /* MainView.swift in Sources */ = {isa = PBXBuildFile; fileRef = 720451DD2A2FA5BC002A8A0E /* MainView.swift */; };
		720451E22A3050F3002A8A0E /* NewTripView.swift in Sources */ = {isa = PBXBuildFile; fileRef = 720451E12A3050F3002A8A0E /* NewTripView.swift */; };
		720451E62A305158002A8A0E /* EditTripView.swift in Sources */ = {isa = PBXBuildFile; fileRef = 720451E52A305158002A8A0E /* EditTripView.swift */; };
		720451E82A305FBF002A8A0E /* HomeView.swift in Sources */ = {isa = PBXBuildFile; fileRef = 720451E72A305FBF002A8A0E /* HomeView.swift */; };
		723E3C4A2A32488800FC6649 /* LandmarkManager.swift in Sources */ = {isa = PBXBuildFile; fileRef = 723E3C492A32488800FC6649 /* LandmarkManager.swift */; };
		7258E0302A3323AC00CCF163 /* BoolEnvironmentVariable.swift in Sources */ = {isa = PBXBuildFile; fileRef = 7258E02F2A3323AC00CCF163 /* BoolEnvironmentVariable.swift */; };
		7258E0322A3397D700CCF163 /* TimeManager.swift in Sources */ = {isa = PBXBuildFile; fileRef = 7258E0312A3397D700CCF163 /* TimeManager.swift */; };
		728A08642A36176F0015EAB7 /* TripModel.swift in Sources */ = {isa = PBXBuildFile; fileRef = 728A08632A36176F0015EAB7 /* TripModel.swift */; };
		72E9F40C2A30E2E500375A63 /* LocationManager.swift in Sources */ = {isa = PBXBuildFile; fileRef = 72E9F40B2A30E2E500375A63 /* LocationManager.swift */; };
		72E9F40F2A30EFD500375A63 /* MKCoordinateRegion+Extensions.swift in Sources */ = {isa = PBXBuildFile; fileRef = 72E9F40E2A30EFD500375A63 /* MKCoordinateRegion+Extensions.swift */; };
		72E9F4112A30F5AA00375A63 /* LocalSearchService.swift in Sources */ = {isa = PBXBuildFile; fileRef = 72E9F4102A30F5AA00375A63 /* LocalSearchService.swift */; };
		72E9F4142A30F7F900375A63 /* Landmark.swift in Sources */ = {isa = PBXBuildFile; fileRef = 72E9F4132A30F7F900375A63 /* Landmark.swift */; };
		72E9F4192A31058600375A63 /* LandmarkListView.swift in Sources */ = {isa = PBXBuildFile; fileRef = 72E9F4182A31058600375A63 /* LandmarkListView.swift */; };
		72F7E9932A3079DE007EC0FA /* MapView.swift in Sources */ = {isa = PBXBuildFile; fileRef = 72F7E9922A3079DE007EC0FA /* MapView.swift */; };
		72F7E9952A307A1F007EC0FA /* InfoView.swift in Sources */ = {isa = PBXBuildFile; fileRef = 72F7E9942A307A1F007EC0FA /* InfoView.swift */; };
		72F7E9972A307A65007EC0FA /* FriendView.swift in Sources */ = {isa = PBXBuildFile; fileRef = 72F7E9962A307A65007EC0FA /* FriendView.swift */; };
/* End PBXBuildFile section */

/* Begin PBXFileReference section */
		13051D232A343D1E0090FE60 /* AuthModel.swift */ = {isa = PBXFileReference; lastKnownFileType = sourcecode.swift; path = AuthModel.swift; sourceTree = "<group>"; };
		132D0CEB2A35B3120055D69F /* UserModel.swift */ = {isa = PBXFileReference; lastKnownFileType = sourcecode.swift; path = UserModel.swift; sourceTree = "<group>"; };
		132D0CED2A35BA930055D69F /* UserObject.swift */ = {isa = PBXFileReference; lastKnownFileType = sourcecode.swift; path = UserObject.swift; sourceTree = "<group>"; };
		132D0CEF2A35CFCD0055D69F /* FriendModel.swift */ = {isa = PBXFileReference; lastKnownFileType = sourcecode.swift; path = FriendModel.swift; sourceTree = "<group>"; };
		1335A3C02A31DC0700052537 /* Register.swift */ = {isa = PBXFileReference; lastKnownFileType = sourcecode.swift; path = Register.swift; sourceTree = "<group>"; };
		1335A3C22A31E3C200052537 /* LoginView.swift */ = {isa = PBXFileReference; lastKnownFileType = sourcecode.swift; path = LoginView.swift; sourceTree = "<group>"; };
		1335A3C42A321C8600052537 /* RegisterView.swift */ = {isa = PBXFileReference; lastKnownFileType = sourcecode.swift; path = RegisterView.swift; sourceTree = "<group>"; };
		133F39FB2A33A68100F5E747 /* GoogleService-Info.plist */ = {isa = PBXFileReference; fileEncoding = 4; lastKnownFileType = text.plist.xml; path = "GoogleService-Info.plist"; sourceTree = "<group>"; };
		1369B8B02A346E26002591DE /* FriendInfoView.swift */ = {isa = PBXFileReference; lastKnownFileType = sourcecode.swift; path = FriendInfoView.swift; sourceTree = "<group>"; };
		720451C72A2FA576002A8A0E /* Travel.app */ = {isa = PBXFileReference; explicitFileType = wrapper.application; includeInIndex = 0; path = Travel.app; sourceTree = BUILT_PRODUCTS_DIR; };
		720451CA2A2FA576002A8A0E /* TravelApp.swift */ = {isa = PBXFileReference; lastKnownFileType = sourcecode.swift; path = TravelApp.swift; sourceTree = "<group>"; };
		720451CE2A2FA577002A8A0E /* Assets.xcassets */ = {isa = PBXFileReference; lastKnownFileType = folder.assetcatalog; path = Assets.xcassets; sourceTree = "<group>"; };
		720451D12A2FA577002A8A0E /* Preview Assets.xcassets */ = {isa = PBXFileReference; lastKnownFileType = folder.assetcatalog; path = "Preview Assets.xcassets"; sourceTree = "<group>"; };
		720451D32A2FA577002A8A0E /* Persistence.swift */ = {isa = PBXFileReference; lastKnownFileType = sourcecode.swift; path = Persistence.swift; sourceTree = "<group>"; };
		720451D62A2FA577002A8A0E /* Travel.xcdatamodel */ = {isa = PBXFileReference; lastKnownFileType = wrapper.xcdatamodel; path = Travel.xcdatamodel; sourceTree = "<group>"; };
		720451DD2A2FA5BC002A8A0E /* MainView.swift */ = {isa = PBXFileReference; lastKnownFileType = sourcecode.swift; path = MainView.swift; sourceTree = "<group>"; };
		720451E12A3050F3002A8A0E /* NewTripView.swift */ = {isa = PBXFileReference; lastKnownFileType = sourcecode.swift; path = NewTripView.swift; sourceTree = "<group>"; };
		720451E52A305158002A8A0E /* EditTripView.swift */ = {isa = PBXFileReference; lastKnownFileType = sourcecode.swift; path = EditTripView.swift; sourceTree = "<group>"; };
		720451E72A305FBF002A8A0E /* HomeView.swift */ = {isa = PBXFileReference; lastKnownFileType = sourcecode.swift; path = HomeView.swift; sourceTree = "<group>"; };
		723E3C492A32488800FC6649 /* LandmarkManager.swift */ = {isa = PBXFileReference; lastKnownFileType = sourcecode.swift; path = LandmarkManager.swift; sourceTree = "<group>"; };
		7258E02F2A3323AC00CCF163 /* BoolEnvironmentVariable.swift */ = {isa = PBXFileReference; lastKnownFileType = sourcecode.swift; path = BoolEnvironmentVariable.swift; sourceTree = "<group>"; };
		7258E0312A3397D700CCF163 /* TimeManager.swift */ = {isa = PBXFileReference; lastKnownFileType = sourcecode.swift; path = TimeManager.swift; sourceTree = "<group>"; };
		728A08632A36176F0015EAB7 /* TripModel.swift */ = {isa = PBXFileReference; lastKnownFileType = sourcecode.swift; path = TripModel.swift; sourceTree = "<group>"; };
		72E9F4062A30DCB400375A63 /* Info.plist */ = {isa = PBXFileReference; lastKnownFileType = text.plist.xml; path = Info.plist; sourceTree = "<group>"; };
		72E9F40B2A30E2E500375A63 /* LocationManager.swift */ = {isa = PBXFileReference; lastKnownFileType = sourcecode.swift; path = LocationManager.swift; sourceTree = "<group>"; };
		72E9F40E2A30EFD500375A63 /* MKCoordinateRegion+Extensions.swift */ = {isa = PBXFileReference; lastKnownFileType = sourcecode.swift; path = "MKCoordinateRegion+Extensions.swift"; sourceTree = "<group>"; };
		72E9F4102A30F5AA00375A63 /* LocalSearchService.swift */ = {isa = PBXFileReference; lastKnownFileType = sourcecode.swift; path = LocalSearchService.swift; sourceTree = "<group>"; };
		72E9F4132A30F7F900375A63 /* Landmark.swift */ = {isa = PBXFileReference; lastKnownFileType = sourcecode.swift; path = Landmark.swift; sourceTree = "<group>"; };
		72E9F4182A31058600375A63 /* LandmarkListView.swift */ = {isa = PBXFileReference; lastKnownFileType = sourcecode.swift; path = LandmarkListView.swift; sourceTree = "<group>"; };
		72F7E9922A3079DE007EC0FA /* MapView.swift */ = {isa = PBXFileReference; lastKnownFileType = sourcecode.swift; path = MapView.swift; sourceTree = "<group>"; };
		72F7E9942A307A1F007EC0FA /* InfoView.swift */ = {isa = PBXFileReference; lastKnownFileType = sourcecode.swift; path = InfoView.swift; sourceTree = "<group>"; };
		72F7E9962A307A65007EC0FA /* FriendView.swift */ = {isa = PBXFileReference; lastKnownFileType = sourcecode.swift; path = FriendView.swift; sourceTree = "<group>"; };
/* End PBXFileReference section */

/* Begin PBXFrameworksBuildPhase section */
		720451C42A2FA576002A8A0E /* Frameworks */ = {
			isa = PBXFrameworksBuildPhase;
			buildActionMask = 2147483647;
			files = (
				1335A3B12A31CF9A00052537 /* FirebaseDatabaseUI in Frameworks */,
				1335A3A12A31AF4900052537 /* FirebaseAnalytics in Frameworks */,
				1335A3AF2A31CF9A00052537 /* FirebaseAuthUI in Frameworks */,
				1335A3B32A31CF9A00052537 /* FirebaseEmailAuthUI in Frameworks */,
				1335A3BF2A31CF9A00052537 /* FirebaseStorageUI in Frameworks */,
				1335A3A82A31C45F00052537 /* FirebaseStorage in Frameworks */,
				1335A3A42A31C44B00052537 /* FirebaseAuth in Frameworks */,
				1335A3BB2A31CF9A00052537 /* FirebaseOAuthUI in Frameworks */,
				1369B8AD2A3467BA002591DE /* SDWebImageSwiftUI in Frameworks */,
				1335A3B72A31CF9A00052537 /* FirebaseFirestoreUI in Frameworks */,
				1335A3A62A31C45700052537 /* FirebaseFirestoreSwift in Frameworks */,
			);
			runOnlyForDeploymentPostprocessing = 0;
		};
/* End PBXFrameworksBuildPhase section */

/* Begin PBXGroup section */
		1335A3A22A31C44B00052537 /* Frameworks */ = {
			isa = PBXGroup;
			children = (
			);
			name = Frameworks;
			sourceTree = "<group>";
		};
		720451BE2A2FA576002A8A0E = {
			isa = PBXGroup;
			children = (
				720451C92A2FA576002A8A0E /* Travel */,
				720451C82A2FA576002A8A0E /* Products */,
				1335A3A22A31C44B00052537 /* Frameworks */,
			);
			sourceTree = "<group>";
		};
		720451C82A2FA576002A8A0E /* Products */ = {
			isa = PBXGroup;
			children = (
				720451C72A2FA576002A8A0E /* Travel.app */,
			);
			name = Products;
			sourceTree = "<group>";
		};
		720451C92A2FA576002A8A0E /* Travel */ = {
			isa = PBXGroup;
			children = (
				133F39FB2A33A68100F5E747 /* GoogleService-Info.plist */,
				72E9F4152A31046A00375A63 /* Views */,
				72E9F4122A30F7E000375A63 /* Models */,
				72E9F4062A30DCB400375A63 /* Info.plist */,
				720451CA2A2FA576002A8A0E /* TravelApp.swift */,
				720451CE2A2FA577002A8A0E /* Assets.xcassets */,
				720451D32A2FA577002A8A0E /* Persistence.swift */,
				720451D52A2FA577002A8A0E /* Travel.xcdatamodeld */,
				720451D02A2FA577002A8A0E /* Preview Content */,
				72E9F40D2A30EF7D00375A63 /* Extensions */,
				72E9F4082A30E28200375A63 /* Managers */,
				72E9F4072A30E26A00375A63 /* Services */,
			);
			path = Travel;
			sourceTree = "<group>";
		};
		720451D02A2FA577002A8A0E /* Preview Content */ = {
			isa = PBXGroup;
			children = (
				720451D12A2FA577002A8A0E /* Preview Assets.xcassets */,
			);
			path = "Preview Content";
			sourceTree = "<group>";
		};
		72E9F4072A30E26A00375A63 /* Services */ = {
			isa = PBXGroup;
			children = (
				72E9F4102A30F5AA00375A63 /* LocalSearchService.swift */,
				1335A3C02A31DC0700052537 /* Register.swift */,
			);
			path = Services;
			sourceTree = "<group>";
		};
		72E9F4082A30E28200375A63 /* Managers */ = {
			isa = PBXGroup;
			children = (
				72E9F40B2A30E2E500375A63 /* LocationManager.swift */,
				723E3C492A32488800FC6649 /* LandmarkManager.swift */,
				7258E0312A3397D700CCF163 /* TimeManager.swift */,
			);
			path = Managers;
			sourceTree = "<group>";
		};
		72E9F40D2A30EF7D00375A63 /* Extensions */ = {
			isa = PBXGroup;
			children = (
				72E9F40E2A30EFD500375A63 /* MKCoordinateRegion+Extensions.swift */,
			);
			path = Extensions;
			sourceTree = "<group>";
		};
		72E9F4122A30F7E000375A63 /* Models */ = {
			isa = PBXGroup;
			children = (
				72E9F4132A30F7F900375A63 /* Landmark.swift */,
				132D0CED2A35BA930055D69F /* UserObject.swift */,
				7258E02F2A3323AC00CCF163 /* BoolEnvironmentVariable.swift */,
				13051D232A343D1E0090FE60 /* AuthModel.swift */,
				132D0CEF2A35CFCD0055D69F /* FriendModel.swift */,
				132D0CEB2A35B3120055D69F /* UserModel.swift */,
				728A08632A36176F0015EAB7 /* TripModel.swift */,
			);
			path = Models;
			sourceTree = "<group>";
		};
		72E9F4152A31046A00375A63 /* Views */ = {
			isa = PBXGroup;
			children = (
				720451DD2A2FA5BC002A8A0E /* MainView.swift */,
				720451E72A305FBF002A8A0E /* HomeView.swift */,
				72F7E9922A3079DE007EC0FA /* MapView.swift */,
				72F7E9962A307A65007EC0FA /* FriendView.swift */,
				1369B8B02A346E26002591DE /* FriendInfoView.swift */,
				72F7E9942A307A1F007EC0FA /* InfoView.swift */,
				720451E12A3050F3002A8A0E /* NewTripView.swift */,
				720451E52A305158002A8A0E /* EditTripView.swift */,
				72E9F4182A31058600375A63 /* LandmarkListView.swift */,
				1335A3C22A31E3C200052537 /* LoginView.swift */,
				1335A3C42A321C8600052537 /* RegisterView.swift */,
			);
			path = Views;
			sourceTree = "<group>";
		};
/* End PBXGroup section */

/* Begin PBXNativeTarget section */
		720451C62A2FA576002A8A0E /* Travel */ = {
			isa = PBXNativeTarget;
			buildConfigurationList = 720451DA2A2FA577002A8A0E /* Build configuration list for PBXNativeTarget "Travel" */;
			buildPhases = (
				720451C32A2FA576002A8A0E /* Sources */,
				720451C42A2FA576002A8A0E /* Frameworks */,
				720451C52A2FA576002A8A0E /* Resources */,
			);
			buildRules = (
			);
			dependencies = (
			);
			name = Travel;
			packageProductDependencies = (
				1335A3A02A31AF4900052537 /* FirebaseAnalytics */,
				1335A3A32A31C44B00052537 /* FirebaseAuth */,
				1335A3A52A31C45700052537 /* FirebaseFirestoreSwift */,
				1335A3A72A31C45F00052537 /* FirebaseStorage */,
				1335A3AE2A31CF9A00052537 /* FirebaseAuthUI */,
				1335A3B02A31CF9A00052537 /* FirebaseDatabaseUI */,
				1335A3B22A31CF9A00052537 /* FirebaseEmailAuthUI */,
				1335A3B62A31CF9A00052537 /* FirebaseFirestoreUI */,
				1335A3BA2A31CF9A00052537 /* FirebaseOAuthUI */,
				1335A3BE2A31CF9A00052537 /* FirebaseStorageUI */,
				1369B8AC2A3467BA002591DE /* SDWebImageSwiftUI */,
			);
			productName = Travel;
			productReference = 720451C72A2FA576002A8A0E /* Travel.app */;
			productType = "com.apple.product-type.application";
		};
/* End PBXNativeTarget section */

/* Begin PBXProject section */
		720451BF2A2FA576002A8A0E /* Project object */ = {
			isa = PBXProject;
			attributes = {
				BuildIndependentTargetsInParallel = 1;
				LastSwiftUpdateCheck = 1430;
				LastUpgradeCheck = 1430;
				TargetAttributes = {
					720451C62A2FA576002A8A0E = {
						CreatedOnToolsVersion = 14.3.1;
					};
				};
			};
			buildConfigurationList = 720451C22A2FA576002A8A0E /* Build configuration list for PBXProject "Travel" */;
			compatibilityVersion = "Xcode 14.0";
			developmentRegion = en;
			hasScannedForEncodings = 0;
			knownRegions = (
				en,
				Base,
			);
			mainGroup = 720451BE2A2FA576002A8A0E;
			packageReferences = (
				1335A39F2A31AF4900052537 /* XCRemoteSwiftPackageReference "firebase-ios-sdk" */,
				1335A3AB2A31CF9A00052537 /* XCRemoteSwiftPackageReference "FirebaseUI-iOS" */,
				1369B8AB2A3467BA002591DE /* XCRemoteSwiftPackageReference "SDWebImageSwiftUI" */,
			);
			productRefGroup = 720451C82A2FA576002A8A0E /* Products */;
			projectDirPath = "";
			projectRoot = "";
			targets = (
				720451C62A2FA576002A8A0E /* Travel */,
			);
		};
/* End PBXProject section */

/* Begin PBXResourcesBuildPhase section */
		720451C52A2FA576002A8A0E /* Resources */ = {
			isa = PBXResourcesBuildPhase;
			buildActionMask = 2147483647;
			files = (
				720451D22A2FA577002A8A0E /* Preview Assets.xcassets in Resources */,
				720451CF2A2FA577002A8A0E /* Assets.xcassets in Resources */,
				133F39FC2A33A68100F5E747 /* GoogleService-Info.plist in Resources */,
			);
			runOnlyForDeploymentPostprocessing = 0;
		};
/* End PBXResourcesBuildPhase section */

/* Begin PBXSourcesBuildPhase section */
		720451C32A2FA576002A8A0E /* Sources */ = {
			isa = PBXSourcesBuildPhase;
			buildActionMask = 2147483647;
			files = (
				720451E62A305158002A8A0E /* EditTripView.swift in Sources */,
				1335A3C12A31DC0700052537 /* Register.swift in Sources */,
				728A08642A36176F0015EAB7 /* TripModel.swift in Sources */,
				720451E22A3050F3002A8A0E /* NewTripView.swift in Sources */,
				72E9F4192A31058600375A63 /* LandmarkListView.swift in Sources */,
				720451D42A2FA577002A8A0E /* Persistence.swift in Sources */,
				72E9F40F2A30EFD500375A63 /* MKCoordinateRegion+Extensions.swift in Sources */,
				7258E0302A3323AC00CCF163 /* BoolEnvironmentVariable.swift in Sources */,
				132D0CF02A35CFCD0055D69F /* FriendModel.swift in Sources */,
				723E3C4A2A32488800FC6649 /* LandmarkManager.swift in Sources */,
				7258E0322A3397D700CCF163 /* TimeManager.swift in Sources */,
				720451D72A2FA577002A8A0E /* Travel.xcdatamodeld in Sources */,
				132D0CEC2A35B3120055D69F /* UserModel.swift in Sources */,
				1335A3C52A321C8600052537 /* RegisterView.swift in Sources */,
				13051D242A343D1E0090FE60 /* AuthModel.swift in Sources */,
				720451E82A305FBF002A8A0E /* HomeView.swift in Sources */,
				720451DE2A2FA5BC002A8A0E /* MainView.swift in Sources */,
				72F7E9932A3079DE007EC0FA /* MapView.swift in Sources */,
				72E9F40C2A30E2E500375A63 /* LocationManager.swift in Sources */,
				1335A3C32A31E3C200052537 /* LoginView.swift in Sources */,
				72F7E9952A307A1F007EC0FA /* InfoView.swift in Sources */,
				72E9F4112A30F5AA00375A63 /* LocalSearchService.swift in Sources */,
				72F7E9972A307A65007EC0FA /* FriendView.swift in Sources */,
				720451CB2A2FA576002A8A0E /* TravelApp.swift in Sources */,
				72E9F4142A30F7F900375A63 /* Landmark.swift in Sources */,
				132D0CEE2A35BA930055D69F /* UserObject.swift in Sources */,
				1369B8B12A346E26002591DE /* FriendInfoView.swift in Sources */,
			);
			runOnlyForDeploymentPostprocessing = 0;
		};
/* End PBXSourcesBuildPhase section */

/* Begin XCBuildConfiguration section */
		720451D82A2FA577002A8A0E /* Debug */ = {
			isa = XCBuildConfiguration;
			buildSettings = {
				ALWAYS_SEARCH_USER_PATHS = NO;
				CLANG_ANALYZER_NONNULL = YES;
				CLANG_ANALYZER_NUMBER_OBJECT_CONVERSION = YES_AGGRESSIVE;
				CLANG_CXX_LANGUAGE_STANDARD = "gnu++20";
				CLANG_ENABLE_MODULES = YES;
				CLANG_ENABLE_OBJC_ARC = YES;
				CLANG_ENABLE_OBJC_WEAK = YES;
				CLANG_WARN_BLOCK_CAPTURE_AUTORELEASING = YES;
				CLANG_WARN_BOOL_CONVERSION = YES;
				CLANG_WARN_COMMA = YES;
				CLANG_WARN_CONSTANT_CONVERSION = YES;
				CLANG_WARN_DEPRECATED_OBJC_IMPLEMENTATIONS = YES;
				CLANG_WARN_DIRECT_OBJC_ISA_USAGE = YES_ERROR;
				CLANG_WARN_DOCUMENTATION_COMMENTS = YES;
				CLANG_WARN_EMPTY_BODY = YES;
				CLANG_WARN_ENUM_CONVERSION = YES;
				CLANG_WARN_INFINITE_RECURSION = YES;
				CLANG_WARN_INT_CONVERSION = YES;
				CLANG_WARN_NON_LITERAL_NULL_CONVERSION = YES;
				CLANG_WARN_OBJC_IMPLICIT_RETAIN_SELF = YES;
				CLANG_WARN_OBJC_LITERAL_CONVERSION = YES;
				CLANG_WARN_OBJC_ROOT_CLASS = YES_ERROR;
				CLANG_WARN_QUOTED_INCLUDE_IN_FRAMEWORK_HEADER = YES;
				CLANG_WARN_RANGE_LOOP_ANALYSIS = YES;
				CLANG_WARN_STRICT_PROTOTYPES = YES;
				CLANG_WARN_SUSPICIOUS_MOVE = YES;
				CLANG_WARN_UNGUARDED_AVAILABILITY = YES_AGGRESSIVE;
				CLANG_WARN_UNREACHABLE_CODE = YES;
				CLANG_WARN__DUPLICATE_METHOD_MATCH = YES;
				COPY_PHASE_STRIP = NO;
				DEBUG_INFORMATION_FORMAT = dwarf;
				ENABLE_STRICT_OBJC_MSGSEND = YES;
				ENABLE_TESTABILITY = YES;
				GCC_C_LANGUAGE_STANDARD = gnu11;
				GCC_DYNAMIC_NO_PIC = NO;
				GCC_NO_COMMON_BLOCKS = YES;
				GCC_OPTIMIZATION_LEVEL = 0;
				GCC_PREPROCESSOR_DEFINITIONS = (
					"DEBUG=1",
					"$(inherited)",
				);
				GCC_WARN_64_TO_32_BIT_CONVERSION = YES;
				GCC_WARN_ABOUT_RETURN_TYPE = YES_ERROR;
				GCC_WARN_UNDECLARED_SELECTOR = YES;
				GCC_WARN_UNINITIALIZED_AUTOS = YES_AGGRESSIVE;
				GCC_WARN_UNUSED_FUNCTION = YES;
				GCC_WARN_UNUSED_VARIABLE = YES;
				IPHONEOS_DEPLOYMENT_TARGET = 16.4;
				MTL_ENABLE_DEBUG_INFO = INCLUDE_SOURCE;
				MTL_FAST_MATH = YES;
				ONLY_ACTIVE_ARCH = YES;
				SDKROOT = iphoneos;
				SWIFT_ACTIVE_COMPILATION_CONDITIONS = DEBUG;
				SWIFT_OPTIMIZATION_LEVEL = "-Onone";
			};
			name = Debug;
		};
		720451D92A2FA577002A8A0E /* Release */ = {
			isa = XCBuildConfiguration;
			buildSettings = {
				ALWAYS_SEARCH_USER_PATHS = NO;
				CLANG_ANALYZER_NONNULL = YES;
				CLANG_ANALYZER_NUMBER_OBJECT_CONVERSION = YES_AGGRESSIVE;
				CLANG_CXX_LANGUAGE_STANDARD = "gnu++20";
				CLANG_ENABLE_MODULES = YES;
				CLANG_ENABLE_OBJC_ARC = YES;
				CLANG_ENABLE_OBJC_WEAK = YES;
				CLANG_WARN_BLOCK_CAPTURE_AUTORELEASING = YES;
				CLANG_WARN_BOOL_CONVERSION = YES;
				CLANG_WARN_COMMA = YES;
				CLANG_WARN_CONSTANT_CONVERSION = YES;
				CLANG_WARN_DEPRECATED_OBJC_IMPLEMENTATIONS = YES;
				CLANG_WARN_DIRECT_OBJC_ISA_USAGE = YES_ERROR;
				CLANG_WARN_DOCUMENTATION_COMMENTS = YES;
				CLANG_WARN_EMPTY_BODY = YES;
				CLANG_WARN_ENUM_CONVERSION = YES;
				CLANG_WARN_INFINITE_RECURSION = YES;
				CLANG_WARN_INT_CONVERSION = YES;
				CLANG_WARN_NON_LITERAL_NULL_CONVERSION = YES;
				CLANG_WARN_OBJC_IMPLICIT_RETAIN_SELF = YES;
				CLANG_WARN_OBJC_LITERAL_CONVERSION = YES;
				CLANG_WARN_OBJC_ROOT_CLASS = YES_ERROR;
				CLANG_WARN_QUOTED_INCLUDE_IN_FRAMEWORK_HEADER = YES;
				CLANG_WARN_RANGE_LOOP_ANALYSIS = YES;
				CLANG_WARN_STRICT_PROTOTYPES = YES;
				CLANG_WARN_SUSPICIOUS_MOVE = YES;
				CLANG_WARN_UNGUARDED_AVAILABILITY = YES_AGGRESSIVE;
				CLANG_WARN_UNREACHABLE_CODE = YES;
				CLANG_WARN__DUPLICATE_METHOD_MATCH = YES;
				COPY_PHASE_STRIP = NO;
				DEBUG_INFORMATION_FORMAT = "dwarf-with-dsym";
				ENABLE_NS_ASSERTIONS = NO;
				ENABLE_STRICT_OBJC_MSGSEND = YES;
				GCC_C_LANGUAGE_STANDARD = gnu11;
				GCC_NO_COMMON_BLOCKS = YES;
				GCC_WARN_64_TO_32_BIT_CONVERSION = YES;
				GCC_WARN_ABOUT_RETURN_TYPE = YES_ERROR;
				GCC_WARN_UNDECLARED_SELECTOR = YES;
				GCC_WARN_UNINITIALIZED_AUTOS = YES_AGGRESSIVE;
				GCC_WARN_UNUSED_FUNCTION = YES;
				GCC_WARN_UNUSED_VARIABLE = YES;
				IPHONEOS_DEPLOYMENT_TARGET = 16.4;
				MTL_ENABLE_DEBUG_INFO = NO;
				MTL_FAST_MATH = YES;
				SDKROOT = iphoneos;
				SWIFT_COMPILATION_MODE = wholemodule;
				SWIFT_OPTIMIZATION_LEVEL = "-O";
				VALIDATE_PRODUCT = YES;
			};
			name = Release;
		};
		720451DB2A2FA577002A8A0E /* Debug */ = {
			isa = XCBuildConfiguration;
			buildSettings = {
				ASSETCATALOG_COMPILER_APPICON_NAME = AppIcon;
				ASSETCATALOG_COMPILER_GLOBAL_ACCENT_COLOR_NAME = AccentColor;
				CODE_SIGN_STYLE = Automatic;
				CURRENT_PROJECT_VERSION = 1;
				DEVELOPMENT_ASSET_PATHS = "\"Travel/Preview Content\"";
				DEVELOPMENT_TEAM = 6ULV77C4SH;
				ENABLE_PREVIEWS = YES;
				GENERATE_INFOPLIST_FILE = YES;
				INFOPLIST_FILE = Travel/Info.plist;
				INFOPLIST_KEY_NSLocationAlwaysAndWhenInUseUsageDescription = "";
				INFOPLIST_KEY_NSLocationWhenInUseUsageDescription = "This app requires your location when using";
				INFOPLIST_KEY_UIApplicationSceneManifest_Generation = YES;
				INFOPLIST_KEY_UIApplicationSupportsIndirectInputEvents = YES;
				INFOPLIST_KEY_UILaunchScreen_Generation = YES;
				INFOPLIST_KEY_UISupportedInterfaceOrientations = UIInterfaceOrientationPortrait;
				LD_RUNPATH_SEARCH_PATHS = (
					"$(inherited)",
					"@executable_path/Frameworks",
				);
				MARKETING_VERSION = 1.0;
				PRODUCT_BUNDLE_IDENTIFIER = "NTUST-iOS.Travel";
				PRODUCT_NAME = "$(TARGET_NAME)";
				SWIFT_EMIT_LOC_STRINGS = YES;
				SWIFT_VERSION = 5.0;
				TARGETED_DEVICE_FAMILY = "1,2";
			};
			name = Debug;
		};
		720451DC2A2FA577002A8A0E /* Release */ = {
			isa = XCBuildConfiguration;
			buildSettings = {
				ASSETCATALOG_COMPILER_APPICON_NAME = AppIcon;
				ASSETCATALOG_COMPILER_GLOBAL_ACCENT_COLOR_NAME = AccentColor;
				CODE_SIGN_STYLE = Automatic;
				CURRENT_PROJECT_VERSION = 1;
				DEVELOPMENT_ASSET_PATHS = "\"Travel/Preview Content\"";
				DEVELOPMENT_TEAM = 6ULV77C4SH;
				ENABLE_PREVIEWS = YES;
				GENERATE_INFOPLIST_FILE = YES;
				INFOPLIST_FILE = Travel/Info.plist;
				INFOPLIST_KEY_NSLocationAlwaysAndWhenInUseUsageDescription = "";
				INFOPLIST_KEY_NSLocationWhenInUseUsageDescription = "This app requires your location when using";
				INFOPLIST_KEY_UIApplicationSceneManifest_Generation = YES;
				INFOPLIST_KEY_UIApplicationSupportsIndirectInputEvents = YES;
				INFOPLIST_KEY_UILaunchScreen_Generation = YES;
				INFOPLIST_KEY_UISupportedInterfaceOrientations = UIInterfaceOrientationPortrait;
				LD_RUNPATH_SEARCH_PATHS = (
					"$(inherited)",
					"@executable_path/Frameworks",
				);
				MARKETING_VERSION = 1.0;
				PRODUCT_BUNDLE_IDENTIFIER = "NTUST-iOS.Travel";
				PRODUCT_NAME = "$(TARGET_NAME)";
				SWIFT_EMIT_LOC_STRINGS = YES;
				SWIFT_VERSION = 5.0;
				TARGETED_DEVICE_FAMILY = "1,2";
			};
			name = Release;
		};
/* End XCBuildConfiguration section */

/* Begin XCConfigurationList section */
		720451C22A2FA576002A8A0E /* Build configuration list for PBXProject "Travel" */ = {
			isa = XCConfigurationList;
			buildConfigurations = (
				720451D82A2FA577002A8A0E /* Debug */,
				720451D92A2FA577002A8A0E /* Release */,
			);
			defaultConfigurationIsVisible = 0;
			defaultConfigurationName = Release;
		};
		720451DA2A2FA577002A8A0E /* Build configuration list for PBXNativeTarget "Travel" */ = {
			isa = XCConfigurationList;
			buildConfigurations = (
				720451DB2A2FA577002A8A0E /* Debug */,
				720451DC2A2FA577002A8A0E /* Release */,
			);
			defaultConfigurationIsVisible = 0;
			defaultConfigurationName = Release;
		};
/* End XCConfigurationList section */

/* Begin XCRemoteSwiftPackageReference section */
		1335A39F2A31AF4900052537 /* XCRemoteSwiftPackageReference "firebase-ios-sdk" */ = {
			isa = XCRemoteSwiftPackageReference;
			repositoryURL = "https://github.com/firebase/firebase-ios-sdk";
			requirement = {
				kind = upToNextMajorVersion;
				minimumVersion = 10.0.0;
			};
		};
		1335A3AB2A31CF9A00052537 /* XCRemoteSwiftPackageReference "FirebaseUI-iOS" */ = {
			isa = XCRemoteSwiftPackageReference;
			repositoryURL = "https://github.com/firebase/FirebaseUI-iOS.git";
			requirement = {
				kind = upToNextMajorVersion;
				minimumVersion = 12.0.0;
			};
		};
		1369B8AB2A3467BA002591DE /* XCRemoteSwiftPackageReference "SDWebImageSwiftUI" */ = {
			isa = XCRemoteSwiftPackageReference;
			repositoryURL = "https://github.com/SDWebImage/SDWebImageSwiftUI";
			requirement = {
				kind = upToNextMajorVersion;
				minimumVersion = 2.0.0;
			};
		};
/* End XCRemoteSwiftPackageReference section */

/* Begin XCSwiftPackageProductDependency section */
		1335A3A02A31AF4900052537 /* FirebaseAnalytics */ = {
			isa = XCSwiftPackageProductDependency;
			package = 1335A39F2A31AF4900052537 /* XCRemoteSwiftPackageReference "firebase-ios-sdk" */;
			productName = FirebaseAnalytics;
		};
		1335A3A32A31C44B00052537 /* FirebaseAuth */ = {
			isa = XCSwiftPackageProductDependency;
			package = 1335A39F2A31AF4900052537 /* XCRemoteSwiftPackageReference "firebase-ios-sdk" */;
			productName = FirebaseAuth;
		};
		1335A3A52A31C45700052537 /* FirebaseFirestoreSwift */ = {
			isa = XCSwiftPackageProductDependency;
			package = 1335A39F2A31AF4900052537 /* XCRemoteSwiftPackageReference "firebase-ios-sdk" */;
			productName = FirebaseFirestoreSwift;
		};
		1335A3A72A31C45F00052537 /* FirebaseStorage */ = {
			isa = XCSwiftPackageProductDependency;
			package = 1335A39F2A31AF4900052537 /* XCRemoteSwiftPackageReference "firebase-ios-sdk" */;
			productName = FirebaseStorage;
		};
		1335A3AE2A31CF9A00052537 /* FirebaseAuthUI */ = {
			isa = XCSwiftPackageProductDependency;
			package = 1335A3AB2A31CF9A00052537 /* XCRemoteSwiftPackageReference "FirebaseUI-iOS" */;
			productName = FirebaseAuthUI;
		};
		1335A3B02A31CF9A00052537 /* FirebaseDatabaseUI */ = {
			isa = XCSwiftPackageProductDependency;
			package = 1335A3AB2A31CF9A00052537 /* XCRemoteSwiftPackageReference "FirebaseUI-iOS" */;
			productName = FirebaseDatabaseUI;
		};
		1335A3B22A31CF9A00052537 /* FirebaseEmailAuthUI */ = {
			isa = XCSwiftPackageProductDependency;
			package = 1335A3AB2A31CF9A00052537 /* XCRemoteSwiftPackageReference "FirebaseUI-iOS" */;
			productName = FirebaseEmailAuthUI;
		};
		1335A3B62A31CF9A00052537 /* FirebaseFirestoreUI */ = {
			isa = XCSwiftPackageProductDependency;
			package = 1335A3AB2A31CF9A00052537 /* XCRemoteSwiftPackageReference "FirebaseUI-iOS" */;
			productName = FirebaseFirestoreUI;
		};
		1335A3BA2A31CF9A00052537 /* FirebaseOAuthUI */ = {
			isa = XCSwiftPackageProductDependency;
			package = 1335A3AB2A31CF9A00052537 /* XCRemoteSwiftPackageReference "FirebaseUI-iOS" */;
			productName = FirebaseOAuthUI;
		};
		1335A3BE2A31CF9A00052537 /* FirebaseStorageUI */ = {
			isa = XCSwiftPackageProductDependency;
			package = 1335A3AB2A31CF9A00052537 /* XCRemoteSwiftPackageReference "FirebaseUI-iOS" */;
			productName = FirebaseStorageUI;
		};
		1369B8AC2A3467BA002591DE /* SDWebImageSwiftUI */ = {
			isa = XCSwiftPackageProductDependency;
			package = 1369B8AB2A3467BA002591DE /* XCRemoteSwiftPackageReference "SDWebImageSwiftUI" */;
			productName = SDWebImageSwiftUI;
		};
/* End XCSwiftPackageProductDependency section */

/* Begin XCVersionGroup section */
		720451D52A2FA577002A8A0E /* Travel.xcdatamodeld */ = {
			isa = XCVersionGroup;
			children = (
				720451D62A2FA577002A8A0E /* Travel.xcdatamodel */,
			);
			currentVersion = 720451D62A2FA577002A8A0E /* Travel.xcdatamodel */;
			path = Travel.xcdatamodeld;
			sourceTree = "<group>";
			versionGroupType = wrapper.xcdatamodel;
		};
/* End XCVersionGroup section */
	};
	rootObject = 720451BF2A2FA576002A8A0E /* Project object */;
}
